
Microsoft Visual Studio Solution File, Format Version 12.00
# Visual Studio Version 18
VisualStudioVersion = 18.0.11222.15
MinimumVisualStudioVersion = 10.0.40219.1
Project("{FAE04EC0-301F-11D3-BF4B-00C04F79EFBC}") = "OakERP.Application", "OakERP.Application\OakERP.Application.csproj", "{F0FE0048-70CB-4A9E-AEE8-86013D56F9D6}"
EndProject
Project("{FAE04EC0-301F-11D3-BF4B-00C04F79EFBC}") = "OakERP.Domain", "OakERP.Domain\OakERP.Domain.csproj", "{9FF0427D-1749-4F30-8D1D-5C43C275CC94}"
EndProject
Project("{FAE04EC0-301F-11D3-BF4B-00C04F79EFBC}") = "OakERP.Infrastructure", "OakERP.Infrastructure\OakERP.Infrastructure.csproj", "{9AF00ED4-5781-4AE7-B386-46340D3C6D2A}"
EndProject
Project("{FAE04EC0-301F-11D3-BF4B-00C04F79EFBC}") = "OakERP.Reports", "OakERP.Reports\OakERP.Reports.csproj", "{4FFC9E07-CE2E-4C2B-B57E-3D1B7EFBFFCE}"
EndProject
Project("{FAE04EC0-301F-11D3-BF4B-00C04F79EFBC}") = "OakERP.Auth", "OakERP.Auth\OakERP.Auth.csproj", "{AC4FF2A1-45B6-40DB-B0AF-5213B94F2500}"
EndProject
Project("{FAE04EC0-301F-11D3-BF4B-00C04F79EFBC}") = "OakERP.MigrationTool", "OakERP.MigrationTool\OakERP.MigrationTool.csproj", "{6E7345E1-71E9-4561-938C-845E74CD691A}"
EndProject
Project("{FAE04EC0-301F-11D3-BF4B-00C04F79EFBC}") = "OakERP.Common", "OakERP.Common\OakERP.Common.csproj", "{1F4AE709-BA4C-452F-9542-71BE88E7F66B}"
EndProject
Project("{FAE04EC0-301F-11D3-BF4B-00C04F79EFBC}") = "OakERP.Docs", "OakERP.Docs\OakERP.Docs.csproj", "{8DE1FA9C-5B04-44A7-9072-52AF754FC9F0}"
EndProject
Project("{FAE04EC0-301F-11D3-BF4B-00C04F79EFBC}") = "OakERP.Tests.Unit", "OakERP.Tests.Unit\OakERP.Tests.Unit.csproj", "{1E504BD4-2A72-46AA-A0FD-686BE5FC549F}"
EndProject
Project("{FAE04EC0-301F-11D3-BF4B-00C04F79EFBC}") = "OakERP.Tests.Integration", "OakERP.Tests.Integration\OakERP.Tests.Integration.csproj", "{4286DFF1-2CB6-43B5-A39F-91A7384659F8}"
EndProject
Project("{FAE04EC0-301F-11D3-BF4B-00C04F79EFBC}") = "OakERP.API", "OakERP.API\OakERP.API.csproj", "{5E0E03FC-0DFC-4AFB-A87E-B68062295CA5}"
EndProject
Project("{FAE04EC0-301F-11D3-BF4B-00C04F79EFBC}") = "OakERP.Mobile", "OakERP.Mobile\OakERP.Mobile.csproj", "{342233DC-EE03-4604-BC63-B9BB73486BF1}"
EndProject
Project("{2150E333-8FDC-42A3-9474-1A3956D46DE8}") = "Apps", "Apps", "{02EA681E-C7D8-13C7-8484-4AC65E1B71E8}"
EndProject
Project("{2150E333-8FDC-42A3-9474-1A3956D46DE8}") = "Core", "Core", "{33CB14DE-F71B-43D2-809B-119C5596278A}"
EndProject
Project("{2150E333-8FDC-42A3-9474-1A3956D46DE8}") = "Infrastructure", "Infrastructure", "{6687D356-3748-4305-9557-E397E7A91D63}"
EndProject
Project("{2150E333-8FDC-42A3-9474-1A3956D46DE8}") = "Tests", "Tests", "{1890D62E-9108-469E-B0CA-71D60B5B5A71}"
EndProject
Project("{2150E333-8FDC-42A3-9474-1A3956D46DE8}") = "Tools", "Tools", "{841CC296-A5AB-41E3-A09A-8AC7CCA4A605}"
	ProjectSection(SolutionItems) = preProject
		ef.ps1 = ef.ps1
		migrate.ps1 = migrate.ps1
	EndProjectSection
EndProject
Project("{2150E333-8FDC-42A3-9474-1A3956D46DE8}") = "Docs", "Docs", "{52AD7769-CE1B-4B6C-8F77-D7CF963C90DC}"
EndProject
Project("{2150E333-8FDC-42A3-9474-1A3956D46DE8}") = "UI", "UI", "{1FDDAC9E-D108-46D0-8303-2E1569D80CD6}"
EndProject
Project("{2150E333-8FDC-42A3-9474-1A3956D46DE8}") = "Reports", "Reports", "{A7F9BA6F-F6A9-42C6-A1BE-44CBAE5916ED}"
EndProject
Project("{2150E333-8FDC-42A3-9474-1A3956D46DE8}") = "Docker", "Docker", "{9944E40C-1141-4814-9B6B-AC912E9A63F2}"
	ProjectSection(SolutionItems) = preProject
		initdb\01-create-databases.sql = initdb\01-create-databases.sql
		initdb\02-init-extensions.sh = initdb\02-init-extensions.sh
		docker-compose.yml = docker-compose.yml
		initdb\init.sql = initdb\init.sql
		pgAdmin\servers.json = pgAdmin\servers.json
	EndProjectSection
EndProject
Project("{2150E333-8FDC-42A3-9474-1A3956D46DE8}") = "Solution Items", "Solution Items", "{8EC462FD-D22E-90A8-E5CE-7E832BA40C5D}"
	ProjectSection(SolutionItems) = preProject
		.editorconfig = .editorconfig
		.gitignore = .gitignore
		README.md = README.md
	EndProjectSection
EndProject
Project("{FAE04EC0-301F-11D3-BF4B-00C04F79EFBC}") = "OakERP.Shared", "OakERP.Shared\OakERP.Shared.csproj", "{89732691-0A83-4C49-BFC8-7159188D6911}"
EndProject
Project("{FAE04EC0-301F-11D3-BF4B-00C04F79EFBC}") = "OakERP.Web", "OakERP.Web\OakERP.Web.csproj", "{0262C223-B5D3-C808-22DD-A99717A140D3}"
EndProject
Project("{FAE04EC0-301F-11D3-BF4B-00C04F79EFBC}") = "OakERP.Desktop", "OakERP.Desktop\OakERP.Desktop.csproj", "{F3DC8E0E-403F-AD7A-4B9D-24E3C644C52E}"
EndProject
Global
	GlobalSection(SolutionConfigurationPlatforms) = preSolution
		Debug|Any CPU = Debug|Any CPU
		Debug|x64 = Debug|x64
		Debug|x86 = Debug|x86
		Release|Any CPU = Release|Any CPU
		Release|x64 = Release|x64
		Release|x86 = Release|x86
	EndGlobalSection
	GlobalSection(ProjectConfigurationPlatforms) = postSolution
		{F0FE0048-70CB-4A9E-AEE8-86013D56F9D6}.Debug|Any CPU.ActiveCfg = Debug|Any CPU
		{F0FE0048-70CB-4A9E-AEE8-86013D56F9D6}.Debug|Any CPU.Build.0 = Debug|Any CPU
		{F0FE0048-70CB-4A9E-AEE8-86013D56F9D6}.Debug|x64.ActiveCfg = Debug|Any CPU
		{F0FE0048-70CB-4A9E-AEE8-86013D56F9D6}.Debug|x64.Build.0 = Debug|Any CPU
		{F0FE0048-70CB-4A9E-AEE8-86013D56F9D6}.Debug|x86.ActiveCfg = Debug|Any CPU
		{F0FE0048-70CB-4A9E-AEE8-86013D56F9D6}.Debug|x86.Build.0 = Debug|Any CPU
		{F0FE0048-70CB-4A9E-AEE8-86013D56F9D6}.Release|Any CPU.ActiveCfg = Release|Any CPU
		{F0FE0048-70CB-4A9E-AEE8-86013D56F9D6}.Release|Any CPU.Build.0 = Release|Any CPU
		{F0FE0048-70CB-4A9E-AEE8-86013D56F9D6}.Release|x64.ActiveCfg = Release|Any CPU
		{F0FE0048-70CB-4A9E-AEE8-86013D56F9D6}.Release|x64.Build.0 = Release|Any CPU
		{F0FE0048-70CB-4A9E-AEE8-86013D56F9D6}.Release|x86.ActiveCfg = Release|Any CPU
		{F0FE0048-70CB-4A9E-AEE8-86013D56F9D6}.Release|x86.Build.0 = Release|Any CPU
		{9FF0427D-1749-4F30-8D1D-5C43C275CC94}.Debug|Any CPU.ActiveCfg = Debug|Any CPU
		{9FF0427D-1749-4F30-8D1D-5C43C275CC94}.Debug|Any CPU.Build.0 = Debug|Any CPU
		{9FF0427D-1749-4F30-8D1D-5C43C275CC94}.Debug|x64.ActiveCfg = Debug|Any CPU
		{9FF0427D-1749-4F30-8D1D-5C43C275CC94}.Debug|x64.Build.0 = Debug|Any CPU
		{9FF0427D-1749-4F30-8D1D-5C43C275CC94}.Debug|x86.ActiveCfg = Debug|Any CPU
		{9FF0427D-1749-4F30-8D1D-5C43C275CC94}.Debug|x86.Build.0 = Debug|Any CPU
		{9FF0427D-1749-4F30-8D1D-5C43C275CC94}.Release|Any CPU.ActiveCfg = Release|Any CPU
		{9FF0427D-1749-4F30-8D1D-5C43C275CC94}.Release|Any CPU.Build.0 = Release|Any CPU
		{9FF0427D-1749-4F30-8D1D-5C43C275CC94}.Release|x64.ActiveCfg = Release|Any CPU
		{9FF0427D-1749-4F30-8D1D-5C43C275CC94}.Release|x64.Build.0 = Release|Any CPU
		{9FF0427D-1749-4F30-8D1D-5C43C275CC94}.Release|x86.ActiveCfg = Release|Any CPU
		{9FF0427D-1749-4F30-8D1D-5C43C275CC94}.Release|x86.Build.0 = Release|Any CPU
		{9AF00ED4-5781-4AE7-B386-46340D3C6D2A}.Debug|Any CPU.ActiveCfg = Debug|Any CPU
		{9AF00ED4-5781-4AE7-B386-46340D3C6D2A}.Debug|Any CPU.Build.0 = Debug|Any CPU
		{9AF00ED4-5781-4AE7-B386-46340D3C6D2A}.Debug|x64.ActiveCfg = Debug|Any CPU
		{9AF00ED4-5781-4AE7-B386-46340D3C6D2A}.Debug|x64.Build.0 = Debug|Any CPU
		{9AF00ED4-5781-4AE7-B386-46340D3C6D2A}.Debug|x86.ActiveCfg = Debug|Any CPU
		{9AF00ED4-5781-4AE7-B386-46340D3C6D2A}.Debug|x86.Build.0 = Debug|Any CPU
		{9AF00ED4-5781-4AE7-B386-46340D3C6D2A}.Release|Any CPU.ActiveCfg = Release|Any CPU
		{9AF00ED4-5781-4AE7-B386-46340D3C6D2A}.Release|Any CPU.Build.0 = Release|Any CPU
		{9AF00ED4-5781-4AE7-B386-46340D3C6D2A}.Release|x64.ActiveCfg = Release|Any CPU
		{9AF00ED4-5781-4AE7-B386-46340D3C6D2A}.Release|x64.Build.0 = Release|Any CPU
		{9AF00ED4-5781-4AE7-B386-46340D3C6D2A}.Release|x86.ActiveCfg = Release|Any CPU
		{9AF00ED4-5781-4AE7-B386-46340D3C6D2A}.Release|x86.Build.0 = Release|Any CPU
		{4FFC9E07-CE2E-4C2B-B57E-3D1B7EFBFFCE}.Debug|Any CPU.ActiveCfg = Debug|Any CPU
		{4FFC9E07-CE2E-4C2B-B57E-3D1B7EFBFFCE}.Debug|Any CPU.Build.0 = Debug|Any CPU
		{4FFC9E07-CE2E-4C2B-B57E-3D1B7EFBFFCE}.Debug|x64.ActiveCfg = Debug|Any CPU
		{4FFC9E07-CE2E-4C2B-B57E-3D1B7EFBFFCE}.Debug|x64.Build.0 = Debug|Any CPU
		{4FFC9E07-CE2E-4C2B-B57E-3D1B7EFBFFCE}.Debug|x86.ActiveCfg = Debug|Any CPU
		{4FFC9E07-CE2E-4C2B-B57E-3D1B7EFBFFCE}.Debug|x86.Build.0 = Debug|Any CPU
		{4FFC9E07-CE2E-4C2B-B57E-3D1B7EFBFFCE}.Release|Any CPU.ActiveCfg = Release|Any CPU
		{4FFC9E07-CE2E-4C2B-B57E-3D1B7EFBFFCE}.Release|Any CPU.Build.0 = Release|Any CPU
		{4FFC9E07-CE2E-4C2B-B57E-3D1B7EFBFFCE}.Release|x64.ActiveCfg = Release|Any CPU
		{4FFC9E07-CE2E-4C2B-B57E-3D1B7EFBFFCE}.Release|x64.Build.0 = Release|Any CPU
		{4FFC9E07-CE2E-4C2B-B57E-3D1B7EFBFFCE}.Release|x86.ActiveCfg = Release|Any CPU
		{4FFC9E07-CE2E-4C2B-B57E-3D1B7EFBFFCE}.Release|x86.Build.0 = Release|Any CPU
		{AC4FF2A1-45B6-40DB-B0AF-5213B94F2500}.Debug|Any CPU.ActiveCfg = Debug|Any CPU
		{AC4FF2A1-45B6-40DB-B0AF-5213B94F2500}.Debug|Any CPU.Build.0 = Debug|Any CPU
		{AC4FF2A1-45B6-40DB-B0AF-5213B94F2500}.Debug|x64.ActiveCfg = Debug|Any CPU
		{AC4FF2A1-45B6-40DB-B0AF-5213B94F2500}.Debug|x64.Build.0 = Debug|Any CPU
		{AC4FF2A1-45B6-40DB-B0AF-5213B94F2500}.Debug|x86.ActiveCfg = Debug|Any CPU
		{AC4FF2A1-45B6-40DB-B0AF-5213B94F2500}.Debug|x86.Build.0 = Debug|Any CPU
		{AC4FF2A1-45B6-40DB-B0AF-5213B94F2500}.Release|Any CPU.ActiveCfg = Release|Any CPU
		{AC4FF2A1-45B6-40DB-B0AF-5213B94F2500}.Release|Any CPU.Build.0 = Release|Any CPU
		{AC4FF2A1-45B6-40DB-B0AF-5213B94F2500}.Release|x64.ActiveCfg = Release|Any CPU
		{AC4FF2A1-45B6-40DB-B0AF-5213B94F2500}.Release|x64.Build.0 = Release|Any CPU
		{AC4FF2A1-45B6-40DB-B0AF-5213B94F2500}.Release|x86.ActiveCfg = Release|Any CPU
		{AC4FF2A1-45B6-40DB-B0AF-5213B94F2500}.Release|x86.Build.0 = Release|Any CPU
		{6E7345E1-71E9-4561-938C-845E74CD691A}.Debug|Any CPU.ActiveCfg = Debug|Any CPU
		{6E7345E1-71E9-4561-938C-845E74CD691A}.Debug|Any CPU.Build.0 = Debug|Any CPU
		{6E7345E1-71E9-4561-938C-845E74CD691A}.Debug|x64.ActiveCfg = Debug|Any CPU
		{6E7345E1-71E9-4561-938C-845E74CD691A}.Debug|x64.Build.0 = Debug|Any CPU
		{6E7345E1-71E9-4561-938C-845E74CD691A}.Debug|x86.ActiveCfg = Debug|Any CPU
		{6E7345E1-71E9-4561-938C-845E74CD691A}.Debug|x86.Build.0 = Debug|Any CPU
		{6E7345E1-71E9-4561-938C-845E74CD691A}.Release|Any CPU.ActiveCfg = Release|Any CPU
		{6E7345E1-71E9-4561-938C-845E74CD691A}.Release|Any CPU.Build.0 = Release|Any CPU
		{6E7345E1-71E9-4561-938C-845E74CD691A}.Release|x64.ActiveCfg = Release|Any CPU
		{6E7345E1-71E9-4561-938C-845E74CD691A}.Release|x64.Build.0 = Release|Any CPU
		{6E7345E1-71E9-4561-938C-845E74CD691A}.Release|x86.ActiveCfg = Release|Any CPU
		{6E7345E1-71E9-4561-938C-845E74CD691A}.Release|x86.Build.0 = Release|Any CPU
		{1F4AE709-BA4C-452F-9542-71BE88E7F66B}.Debug|Any CPU.ActiveCfg = Debug|Any CPU
		{1F4AE709-BA4C-452F-9542-71BE88E7F66B}.Debug|Any CPU.Build.0 = Debug|Any CPU
		{1F4AE709-BA4C-452F-9542-71BE88E7F66B}.Debug|x64.ActiveCfg = Debug|Any CPU
		{1F4AE709-BA4C-452F-9542-71BE88E7F66B}.Debug|x64.Build.0 = Debug|Any CPU
		{1F4AE709-BA4C-452F-9542-71BE88E7F66B}.Debug|x86.ActiveCfg = Debug|Any CPU
		{1F4AE709-BA4C-452F-9542-71BE88E7F66B}.Debug|x86.Build.0 = Debug|Any CPU
		{1F4AE709-BA4C-452F-9542-71BE88E7F66B}.Release|Any CPU.ActiveCfg = Release|Any CPU
		{1F4AE709-BA4C-452F-9542-71BE88E7F66B}.Release|Any CPU.Build.0 = Release|Any CPU
		{1F4AE709-BA4C-452F-9542-71BE88E7F66B}.Release|x64.ActiveCfg = Release|Any CPU
		{1F4AE709-BA4C-452F-9542-71BE88E7F66B}.Release|x64.Build.0 = Release|Any CPU
		{1F4AE709-BA4C-452F-9542-71BE88E7F66B}.Release|x86.ActiveCfg = Release|Any CPU
		{1F4AE709-BA4C-452F-9542-71BE88E7F66B}.Release|x86.Build.0 = Release|Any CPU
		{8DE1FA9C-5B04-44A7-9072-52AF754FC9F0}.Debug|Any CPU.ActiveCfg = Debug|Any CPU
		{8DE1FA9C-5B04-44A7-9072-52AF754FC9F0}.Debug|Any CPU.Build.0 = Debug|Any CPU
		{8DE1FA9C-5B04-44A7-9072-52AF754FC9F0}.Debug|x64.ActiveCfg = Debug|Any CPU
		{8DE1FA9C-5B04-44A7-9072-52AF754FC9F0}.Debug|x64.Build.0 = Debug|Any CPU
		{8DE1FA9C-5B04-44A7-9072-52AF754FC9F0}.Debug|x86.ActiveCfg = Debug|Any CPU
		{8DE1FA9C-5B04-44A7-9072-52AF754FC9F0}.Debug|x86.Build.0 = Debug|Any CPU
		{8DE1FA9C-5B04-44A7-9072-52AF754FC9F0}.Release|Any CPU.ActiveCfg = Release|Any CPU
		{8DE1FA9C-5B04-44A7-9072-52AF754FC9F0}.Release|Any CPU.Build.0 = Release|Any CPU
		{8DE1FA9C-5B04-44A7-9072-52AF754FC9F0}.Release|x64.ActiveCfg = Release|Any CPU
		{8DE1FA9C-5B04-44A7-9072-52AF754FC9F0}.Release|x64.Build.0 = Release|Any CPU
		{8DE1FA9C-5B04-44A7-9072-52AF754FC9F0}.Release|x86.ActiveCfg = Release|Any CPU
		{8DE1FA9C-5B04-44A7-9072-52AF754FC9F0}.Release|x86.Build.0 = Release|Any CPU
		{1E504BD4-2A72-46AA-A0FD-686BE5FC549F}.Debug|Any CPU.ActiveCfg = Debug|Any CPU
		{1E504BD4-2A72-46AA-A0FD-686BE5FC549F}.Debug|Any CPU.Build.0 = Debug|Any CPU
		{1E504BD4-2A72-46AA-A0FD-686BE5FC549F}.Debug|x64.ActiveCfg = Debug|Any CPU
		{1E504BD4-2A72-46AA-A0FD-686BE5FC549F}.Debug|x64.Build.0 = Debug|Any CPU
		{1E504BD4-2A72-46AA-A0FD-686BE5FC549F}.Debug|x86.ActiveCfg = Debug|Any CPU
		{1E504BD4-2A72-46AA-A0FD-686BE5FC549F}.Debug|x86.Build.0 = Debug|Any CPU
		{1E504BD4-2A72-46AA-A0FD-686BE5FC549F}.Release|Any CPU.ActiveCfg = Release|Any CPU
		{1E504BD4-2A72-46AA-A0FD-686BE5FC549F}.Release|Any CPU.Build.0 = Release|Any CPU
		{1E504BD4-2A72-46AA-A0FD-686BE5FC549F}.Release|x64.ActiveCfg = Release|Any CPU
		{1E504BD4-2A72-46AA-A0FD-686BE5FC549F}.Release|x64.Build.0 = Release|Any CPU
		{1E504BD4-2A72-46AA-A0FD-686BE5FC549F}.Release|x86.ActiveCfg = Release|Any CPU
		{1E504BD4-2A72-46AA-A0FD-686BE5FC549F}.Release|x86.Build.0 = Release|Any CPU
		{4286DFF1-2CB6-43B5-A39F-91A7384659F8}.Debug|Any CPU.ActiveCfg = Debug|Any CPU
		{4286DFF1-2CB6-43B5-A39F-91A7384659F8}.Debug|Any CPU.Build.0 = Debug|Any CPU
		{4286DFF1-2CB6-43B5-A39F-91A7384659F8}.Debug|x64.ActiveCfg = Debug|Any CPU
		{4286DFF1-2CB6-43B5-A39F-91A7384659F8}.Debug|x64.Build.0 = Debug|Any CPU
		{4286DFF1-2CB6-43B5-A39F-91A7384659F8}.Debug|x86.ActiveCfg = Debug|Any CPU
		{4286DFF1-2CB6-43B5-A39F-91A7384659F8}.Debug|x86.Build.0 = Debug|Any CPU
		{4286DFF1-2CB6-43B5-A39F-91A7384659F8}.Release|Any CPU.ActiveCfg = Release|Any CPU
		{4286DFF1-2CB6-43B5-A39F-91A7384659F8}.Release|Any CPU.Build.0 = Release|Any CPU
		{4286DFF1-2CB6-43B5-A39F-91A7384659F8}.Release|x64.ActiveCfg = Release|Any CPU
		{4286DFF1-2CB6-43B5-A39F-91A7384659F8}.Release|x64.Build.0 = Release|Any CPU
		{4286DFF1-2CB6-43B5-A39F-91A7384659F8}.Release|x86.ActiveCfg = Release|Any CPU
		{4286DFF1-2CB6-43B5-A39F-91A7384659F8}.Release|x86.Build.0 = Release|Any CPU
		{5E0E03FC-0DFC-4AFB-A87E-B68062295CA5}.Debug|Any CPU.ActiveCfg = Debug|Any CPU
		{5E0E03FC-0DFC-4AFB-A87E-B68062295CA5}.Debug|Any CPU.Build.0 = Debug|Any CPU
		{5E0E03FC-0DFC-4AFB-A87E-B68062295CA5}.Debug|x64.ActiveCfg = Debug|Any CPU
		{5E0E03FC-0DFC-4AFB-A87E-B68062295CA5}.Debug|x64.Build.0 = Debug|Any CPU
		{5E0E03FC-0DFC-4AFB-A87E-B68062295CA5}.Debug|x86.ActiveCfg = Debug|Any CPU
		{5E0E03FC-0DFC-4AFB-A87E-B68062295CA5}.Debug|x86.Build.0 = Debug|Any CPU
		{5E0E03FC-0DFC-4AFB-A87E-B68062295CA5}.Release|Any CPU.ActiveCfg = Release|Any CPU
		{5E0E03FC-0DFC-4AFB-A87E-B68062295CA5}.Release|Any CPU.Build.0 = Release|Any CPU
		{5E0E03FC-0DFC-4AFB-A87E-B68062295CA5}.Release|x64.ActiveCfg = Release|Any CPU
		{5E0E03FC-0DFC-4AFB-A87E-B68062295CA5}.Release|x64.Build.0 = Release|Any CPU
		{5E0E03FC-0DFC-4AFB-A87E-B68062295CA5}.Release|x86.ActiveCfg = Release|Any CPU
		{5E0E03FC-0DFC-4AFB-A87E-B68062295CA5}.Release|x86.Build.0 = Release|Any CPU
		{342233DC-EE03-4604-BC63-B9BB73486BF1}.Debug|Any CPU.ActiveCfg = Debug|Any CPU
		{342233DC-EE03-4604-BC63-B9BB73486BF1}.Debug|Any CPU.Build.0 = Debug|Any CPU
		{342233DC-EE03-4604-BC63-B9BB73486BF1}.Debug|x64.ActiveCfg = Debug|Any CPU
		{342233DC-EE03-4604-BC63-B9BB73486BF1}.Debug|x64.Build.0 = Debug|Any CPU
		{342233DC-EE03-4604-BC63-B9BB73486BF1}.Debug|x86.ActiveCfg = Debug|Any CPU
		{342233DC-EE03-4604-BC63-B9BB73486BF1}.Debug|x86.Build.0 = Debug|Any CPU
		{342233DC-EE03-4604-BC63-B9BB73486BF1}.Release|Any CPU.ActiveCfg = Release|Any CPU
		{342233DC-EE03-4604-BC63-B9BB73486BF1}.Release|Any CPU.Build.0 = Release|Any CPU
		{342233DC-EE03-4604-BC63-B9BB73486BF1}.Release|x64.ActiveCfg = Release|Any CPU
		{342233DC-EE03-4604-BC63-B9BB73486BF1}.Release|x64.Build.0 = Release|Any CPU
		{342233DC-EE03-4604-BC63-B9BB73486BF1}.Release|x86.ActiveCfg = Release|Any CPU
		{342233DC-EE03-4604-BC63-B9BB73486BF1}.Release|x86.Build.0 = Release|Any CPU
		{89732691-0A83-4C49-BFC8-7159188D6911}.Debug|Any CPU.ActiveCfg = Debug|Any CPU
		{89732691-0A83-4C49-BFC8-7159188D6911}.Debug|Any CPU.Build.0 = Debug|Any CPU
		{89732691-0A83-4C49-BFC8-7159188D6911}.Debug|x64.ActiveCfg = Debug|Any CPU
		{89732691-0A83-4C49-BFC8-7159188D6911}.Debug|x64.Build.0 = Debug|Any CPU
		{89732691-0A83-4C49-BFC8-7159188D6911}.Debug|x86.ActiveCfg = Debug|Any CPU
		{89732691-0A83-4C49-BFC8-7159188D6911}.Debug|x86.Build.0 = Debug|Any CPU
		{89732691-0A83-4C49-BFC8-7159188D6911}.Release|Any CPU.ActiveCfg = Release|Any CPU
		{89732691-0A83-4C49-BFC8-7159188D6911}.Release|Any CPU.Build.0 = Release|Any CPU
		{89732691-0A83-4C49-BFC8-7159188D6911}.Release|x64.ActiveCfg = Release|Any CPU
		{89732691-0A83-4C49-BFC8-7159188D6911}.Release|x64.Build.0 = Release|Any CPU
		{89732691-0A83-4C49-BFC8-7159188D6911}.Release|x86.ActiveCfg = Release|Any CPU
		{89732691-0A83-4C49-BFC8-7159188D6911}.Release|x86.Build.0 = Release|Any CPU
		{0262C223-B5D3-C808-22DD-A99717A140D3}.Debug|Any CPU.ActiveCfg = Debug|Any CPU
		{0262C223-B5D3-C808-22DD-A99717A140D3}.Debug|Any CPU.Build.0 = Debug|Any CPU
		{0262C223-B5D3-C808-22DD-A99717A140D3}.Debug|x64.ActiveCfg = Debug|Any CPU
		{0262C223-B5D3-C808-22DD-A99717A140D3}.Debug|x64.Build.0 = Debug|Any CPU
		{0262C223-B5D3-C808-22DD-A99717A140D3}.Debug|x86.ActiveCfg = Debug|Any CPU
		{0262C223-B5D3-C808-22DD-A99717A140D3}.Debug|x86.Build.0 = Debug|Any CPU
		{0262C223-B5D3-C808-22DD-A99717A140D3}.Release|Any CPU.ActiveCfg = Release|Any CPU
		{0262C223-B5D3-C808-22DD-A99717A140D3}.Release|Any CPU.Build.0 = Release|Any CPU
		{0262C223-B5D3-C808-22DD-A99717A140D3}.Release|x64.ActiveCfg = Release|Any CPU
		{0262C223-B5D3-C808-22DD-A99717A140D3}.Release|x64.Build.0 = Release|Any CPU
		{0262C223-B5D3-C808-22DD-A99717A140D3}.Release|x86.ActiveCfg = Release|Any CPU
		{0262C223-B5D3-C808-22DD-A99717A140D3}.Release|x86.Build.0 = Release|Any CPU
		{F3DC8E0E-403F-AD7A-4B9D-24E3C644C52E}.Debug|Any CPU.ActiveCfg = Debug|Any CPU
		{F3DC8E0E-403F-AD7A-4B9D-24E3C644C52E}.Debug|Any CPU.Build.0 = Debug|Any CPU
		{F3DC8E0E-403F-AD7A-4B9D-24E3C644C52E}.Debug|x64.ActiveCfg = Debug|Any CPU
		{F3DC8E0E-403F-AD7A-4B9D-24E3C644C52E}.Debug|x64.Build.0 = Debug|Any CPU
		{F3DC8E0E-403F-AD7A-4B9D-24E3C644C52E}.Debug|x86.ActiveCfg = Debug|Any CPU
		{F3DC8E0E-403F-AD7A-4B9D-24E3C644C52E}.Debug|x86.Build.0 = Debug|Any CPU
		{F3DC8E0E-403F-AD7A-4B9D-24E3C644C52E}.Release|Any CPU.ActiveCfg = Release|Any CPU
		{F3DC8E0E-403F-AD7A-4B9D-24E3C644C52E}.Release|Any CPU.Build.0 = Release|Any CPU
		{F3DC8E0E-403F-AD7A-4B9D-24E3C644C52E}.Release|x64.ActiveCfg = Release|Any CPU
		{F3DC8E0E-403F-AD7A-4B9D-24E3C644C52E}.Release|x64.Build.0 = Release|Any CPU
		{F3DC8E0E-403F-AD7A-4B9D-24E3C644C52E}.Release|x86.ActiveCfg = Release|Any CPU
		{F3DC8E0E-403F-AD7A-4B9D-24E3C644C52E}.Release|x86.Build.0 = Release|Any CPU
	EndGlobalSection
	GlobalSection(SolutionProperties) = preSolution
		HideSolutionNode = FALSE
	EndGlobalSection
	GlobalSection(NestedProjects) = preSolution
		{F0FE0048-70CB-4A9E-AEE8-86013D56F9D6} = {33CB14DE-F71B-43D2-809B-119C5596278A}
		{9FF0427D-1749-4F30-8D1D-5C43C275CC94} = {33CB14DE-F71B-43D2-809B-119C5596278A}
		{9AF00ED4-5781-4AE7-B386-46340D3C6D2A} = {6687D356-3748-4305-9557-E397E7A91D63}
		{4FFC9E07-CE2E-4C2B-B57E-3D1B7EFBFFCE} = {A7F9BA6F-F6A9-42C6-A1BE-44CBAE5916ED}
		{AC4FF2A1-45B6-40DB-B0AF-5213B94F2500} = {33CB14DE-F71B-43D2-809B-119C5596278A}
		{6E7345E1-71E9-4561-938C-845E74CD691A} = {841CC296-A5AB-41E3-A09A-8AC7CCA4A605}
		{1F4AE709-BA4C-452F-9542-71BE88E7F66B} = {33CB14DE-F71B-43D2-809B-119C5596278A}
		{8DE1FA9C-5B04-44A7-9072-52AF754FC9F0} = {52AD7769-CE1B-4B6C-8F77-D7CF963C90DC}
		{1E504BD4-2A72-46AA-A0FD-686BE5FC549F} = {1890D62E-9108-469E-B0CA-71D60B5B5A71}
		{4286DFF1-2CB6-43B5-A39F-91A7384659F8} = {1890D62E-9108-469E-B0CA-71D60B5B5A71}
		{5E0E03FC-0DFC-4AFB-A87E-B68062295CA5} = {02EA681E-C7D8-13C7-8484-4AC65E1B71E8}
		{342233DC-EE03-4604-BC63-B9BB73486BF1} = {02EA681E-C7D8-13C7-8484-4AC65E1B71E8}
		{89732691-0A83-4C49-BFC8-7159188D6911} = {1FDDAC9E-D108-46D0-8303-2E1569D80CD6}
		{0262C223-B5D3-C808-22DD-A99717A140D3} = {02EA681E-C7D8-13C7-8484-4AC65E1B71E8}
		{F3DC8E0E-403F-AD7A-4B9D-24E3C644C52E} = {02EA681E-C7D8-13C7-8484-4AC65E1B71E8}
	EndGlobalSection
	GlobalSection(ExtensibilityGlobals) = postSolution
		SolutionGuid = {44FABA3B-8150-4C0B-9A4D-ACECFA4B1CAB}
	EndGlobalSection
EndGlobal
